
Microsoft Visual Studio Solution File, Format Version 12.00
# Visual Studio Version 16
VisualStudioVersion = 16.0.29215.179
MinimumVisualStudioVersion = 10.0.40219.1
Project("{8BC9CEB8-8B4A-11D0-8D11-00A0C91BC942}") = "simplelife", "simplelife\simplelife.vcxproj", "{E43DB488-CCE6-49C0-AEB5-1567CE3E4B75}"
EndProject
Project("{8BC9CEB8-8B4A-11D0-8D11-00A0C91BC942}") = "codeTest", "codeTest\codeTest.vcxproj", "{A3580505-5A8B-4657-9C6B-5505A231A8FA}"
EndProject
Project("{8BC9CEB8-8B4A-11D0-8D11-00A0C91BC942}") = "voiceTest", "voiceTest\voiceTest.vcxproj", "{F718CCB4-B838-4BC4-A3BC-EBF65D958092}"
EndProject
Project("{8BC9CEB8-8B4A-11D0-8D11-00A0C91BC942}") = "simulation", "simulation\simulation.vcxproj", "{2E2630B8-A944-4D63-804E-61C11D4788C4}"
EndProject
Global
	GlobalSection(SolutionConfigurationPlatforms) = preSolution
		Debug|x64 = Debug|x64
		Debug|x86 = Debug|x86
		Release|x64 = Release|x64
		Release|x86 = Release|x86
	EndGlobalSection
	GlobalSection(ProjectConfigurationPlatforms) = postSolution
		{E43DB488-CCE6-49C0-AEB5-1567CE3E4B75}.Debug|x64.ActiveCfg = Debug|x64
		{E43DB488-CCE6-49C0-AEB5-1567CE3E4B75}.Debug|x64.Build.0 = Debug|x64
		{E43DB488-CCE6-49C0-AEB5-1567CE3E4B75}.Debug|x86.ActiveCfg = Debug|Win32
		{E43DB488-CCE6-49C0-AEB5-1567CE3E4B75}.Debug|x86.Build.0 = Debug|Win32
		{E43DB488-CCE6-49C0-AEB5-1567CE3E4B75}.Release|x64.ActiveCfg = Release|x64
		{E43DB488-CCE6-49C0-AEB5-1567CE3E4B75}.Release|x64.Build.0 = Release|x64
		{E43DB488-CCE6-49C0-AEB5-1567CE3E4B75}.Release|x86.ActiveCfg = Release|Win32
		{E43DB488-CCE6-49C0-AEB5-1567CE3E4B75}.Release|x86.Build.0 = Release|Win32
		{A3580505-5A8B-4657-9C6B-5505A231A8FA}.Debug|x64.ActiveCfg = Debug|x64
		{A3580505-5A8B-4657-9C6B-5505A231A8FA}.Debug|x64.Build.0 = Debug|x64
		{A3580505-5A8B-4657-9C6B-5505A231A8FA}.Debug|x86.ActiveCfg = Debug|Win32
		{A3580505-5A8B-4657-9C6B-5505A231A8FA}.Debug|x86.Build.0 = Debug|Win32
		{A3580505-5A8B-4657-9C6B-5505A231A8FA}.Release|x64.ActiveCfg = Release|x64
		{A3580505-5A8B-4657-9C6B-5505A231A8FA}.Release|x64.Build.0 = Release|x64
		{A3580505-5A8B-4657-9C6B-5505A231A8FA}.Release|x86.ActiveCfg = Release|Win32
		{A3580505-5A8B-4657-9C6B-5505A231A8FA}.Release|x86.Build.0 = Release|Win32
		{F718CCB4-B838-4BC4-A3BC-EBF65D958092}.Debug|x64.ActiveCfg = Debug|x64
		{F718CCB4-B838-4BC4-A3BC-EBF65D958092}.Debug|x64.Build.0 = Debug|x64
		{F718CCB4-B838-4BC4-A3BC-EBF65D958092}.Debug|x86.ActiveCfg = Debug|Win32
		{F718CCB4-B838-4BC4-A3BC-EBF65D958092}.Debug|x86.Build.0 = Debug|Win32
		{F718CCB4-B838-4BC4-A3BC-EBF65D958092}.Release|x64.ActiveCfg = Release|x64
		{F718CCB4-B838-4BC4-A3BC-EBF65D958092}.Release|x64.Build.0 = Release|x64
		{F718CCB4-B838-4BC4-A3BC-EBF65D958092}.Release|x86.ActiveCfg = Release|Win32
		{F718CCB4-B838-4BC4-A3BC-EBF65D958092}.Release|x86.Build.0 = Release|Win32
		{2E2630B8-A944-4D63-804E-61C11D4788C4}.Debug|x64.ActiveCfg = Debug|x64
		{2E2630B8-A944-4D63-804E-61C11D4788C4}.Debug|x64.Build.0 = Debug|x64
		{2E2630B8-A944-4D63-804E-61C11D4788C4}.Debug|x86.ActiveCfg = Debug|Win32
		{2E2630B8-A944-4D63-804E-61C11D4788C4}.Debug|x86.Build.0 = Debug|Win32
		{2E2630B8-A944-4D63-804E-61C11D4788C4}.Release|x64.ActiveCfg = Release|x64
		{2E2630B8-A944-4D63-804E-61C11D4788C4}.Release|x64.Build.0 = Release|x64
		{2E2630B8-A944-4D63-804E-61C11D4788C4}.Release|x86.ActiveCfg = Release|Win32
		{2E2630B8-A944-4D63-804E-61C11D4788C4}.Release|x86.Build.0 = Release|Win32
	EndGlobalSection
	GlobalSection(SolutionProperties) = preSolution
		HideSolutionNode = FALSE
	EndGlobalSection
	GlobalSection(ExtensibilityGlobals) = postSolution
		SolutionGuid = {630E4E6C-DF59-418D-AF78-14BEF033C902}
	EndGlobalSection
EndGlobal
